// !$*UTF8*$!
{
	archiveVersion = 1;
	classes = {
	};
	objectVersion = 48;
	objects = {

/* Begin PBXBuildFile section */
		2C694B9C200D0F6200EB9096 /* AppDelegate.swift in Sources */ = {isa = PBXBuildFile; fileRef = 2C694B9B200D0F6200EB9096 /* AppDelegate.swift */; };
		2C694B9E200D0F6200EB9096 /* ViewController.swift in Sources */ = {isa = PBXBuildFile; fileRef = 2C694B9D200D0F6200EB9096 /* ViewController.swift */; };
		2C694BA1200D0F6200EB9096 /* Main.storyboard in Resources */ = {isa = PBXBuildFile; fileRef = 2C694B9F200D0F6200EB9096 /* Main.storyboard */; };
		2C694BA3200D0F6200EB9096 /* Assets.xcassets in Resources */ = {isa = PBXBuildFile; fileRef = 2C694BA2200D0F6200EB9096 /* Assets.xcassets */; };
		2C694BA6200D0F6200EB9096 /* LaunchScreen.storyboard in Resources */ = {isa = PBXBuildFile; fileRef = 2C694BA4200D0F6200EB9096 /* LaunchScreen.storyboard */; };
		2C694BB4200D3AB500EB9096 /* ViewController2.swift in Sources */ = {isa = PBXBuildFile; fileRef = 2C694BB3200D3AB500EB9096 /* ViewController2.swift */; };
		3A1CA450223100FA006F69CF /* NavigationController.swift in Sources */ = {isa = PBXBuildFile; fileRef = 3A1CA44F223100FA006F69CF /* NavigationController.swift */; };
		3A20C4BD22331F5500DD4547 /* VideoViewController.swift in Sources */ = {isa = PBXBuildFile; fileRef = 3A20C4BC22331F5500DD4547 /* VideoViewController.swift */; };
		3A20C4C12233237E00DD4547 /* coin.mov in Resources */ = {isa = PBXBuildFile; fileRef = 3A20C4C02233237E00DD4547 /* coin.mov */; };
		3A20C4C32233244100DD4547 /* coined.mov in Resources */ = {isa = PBXBuildFile; fileRef = 3A20C4C22233244100DD4547 /* coined.mov */; };
		3A360EE7222E5C8200652D99 /* ViewControllerE.swift in Sources */ = {isa = PBXBuildFile; fileRef = 3A360EE6222E5C8200652D99 /* ViewControllerE.swift */; };
		3A6374362237BDEF00E5A7BF /* Helper.swift in Sources */ = {isa = PBXBuildFile; fileRef = 3A6374352237BDEF00E5A7BF /* Helper.swift */; };
		3A6615C0223149570007CF77 /* ViewControllerLoan.swift in Sources */ = {isa = PBXBuildFile; fileRef = 3A6615BF223149570007CF77 /* ViewControllerLoan.swift */; };
		3A6615C222316BD80007CF77 /* ViewFees.swift in Sources */ = {isa = PBXBuildFile; fileRef = 3A6615C122316BD80007CF77 /* ViewFees.swift */; };
		3A6615C4223174CF0007CF77 /* UIButtonExtension.swift in Sources */ = {isa = PBXBuildFile; fileRef = 3A6615C3223174CF0007CF77 /* UIButtonExtension.swift */; };
		6CCC098C92AB3322A9ADA1D9 /* Pods_interest.framework in Frameworks */ = {isa = PBXBuildFile; fileRef = 2D9930DB85F529382E5375B5 /* Pods_interest.framework */; };
/* End PBXBuildFile section */

/* Begin PBXFileReference section */
		2C694B98200D0F6200EB9096 /* interest.app */ = {isa = PBXFileReference; explicitFileType = wrapper.application; includeInIndex = 0; path = interest.app; sourceTree = BUILT_PRODUCTS_DIR; };
		2C694B9B200D0F6200EB9096 /* AppDelegate.swift */ = {isa = PBXFileReference; lastKnownFileType = sourcecode.swift; path = AppDelegate.swift; sourceTree = "<group>"; };
		2C694B9D200D0F6200EB9096 /* ViewController.swift */ = {isa = PBXFileReference; lastKnownFileType = sourcecode.swift; path = ViewController.swift; sourceTree = "<group>"; };
		2C694BA0200D0F6200EB9096 /* Base */ = {isa = PBXFileReference; lastKnownFileType = file.storyboard; name = Base; path = Base.lproj/Main.storyboard; sourceTree = "<group>"; };
		2C694BA2200D0F6200EB9096 /* Assets.xcassets */ = {isa = PBXFileReference; lastKnownFileType = folder.assetcatalog; path = Assets.xcassets; sourceTree = "<group>"; };
		2C694BA5200D0F6200EB9096 /* Base */ = {isa = PBXFileReference; lastKnownFileType = file.storyboard; name = Base; path = Base.lproj/LaunchScreen.storyboard; sourceTree = "<group>"; };
		2C694BA7200D0F6200EB9096 /* Info.plist */ = {isa = PBXFileReference; lastKnownFileType = text.plist.xml; path = Info.plist; sourceTree = "<group>"; };
		2C694BB3200D3AB500EB9096 /* ViewController2.swift */ = {isa = PBXFileReference; lastKnownFileType = sourcecode.swift; path = ViewController2.swift; sourceTree = "<group>"; };
		2D9930DB85F529382E5375B5 /* Pods_interest.framework */ = {isa = PBXFileReference; explicitFileType = wrapper.framework; includeInIndex = 0; path = Pods_interest.framework; sourceTree = BUILT_PRODUCTS_DIR; };
		37BC6B3B89AB8C955FE15807 /* Pods-interest.release.xcconfig */ = {isa = PBXFileReference; includeInIndex = 1; lastKnownFileType = text.xcconfig; name = "Pods-interest.release.xcconfig"; path = "Target Support Files/Pods-interest/Pods-interest.release.xcconfig"; sourceTree = "<group>"; };
		39F8EE2B3E78E47F3866CEC6 /* Pods-interest.debug.xcconfig */ = {isa = PBXFileReference; includeInIndex = 1; lastKnownFileType = text.xcconfig; name = "Pods-interest.debug.xcconfig"; path = "Target Support Files/Pods-interest/Pods-interest.debug.xcconfig"; sourceTree = "<group>"; };
		3A1CA44F223100FA006F69CF /* NavigationController.swift */ = {isa = PBXFileReference; lastKnownFileType = sourcecode.swift; path = NavigationController.swift; sourceTree = "<group>"; };
		3A20C4BC22331F5500DD4547 /* VideoViewController.swift */ = {isa = PBXFileReference; lastKnownFileType = sourcecode.swift; path = VideoViewController.swift; sourceTree = "<group>"; };
		3A20C4C02233237E00DD4547 /* coin.mov */ = {isa = PBXFileReference; lastKnownFileType = video.quicktime; name = coin.mov; path = ../../../../Downloads/coin.mov; sourceTree = "<group>"; };
		3A20C4C22233244100DD4547 /* coined.mov */ = {isa = PBXFileReference; lastKnownFileType = video.quicktime; name = coined.mov; path = ../../../../Downloads/coined.mov; sourceTree = "<group>"; };
		3A360EE6222E5C8200652D99 /* ViewControllerE.swift */ = {isa = PBXFileReference; lastKnownFileType = sourcecode.swift; path = ViewControllerE.swift; sourceTree = "<group>"; };
		3A6374352237BDEF00E5A7BF /* Helper.swift */ = {isa = PBXFileReference; lastKnownFileType = sourcecode.swift; path = Helper.swift; sourceTree = "<group>"; };
		3A6615BF223149570007CF77 /* ViewControllerLoan.swift */ = {isa = PBXFileReference; lastKnownFileType = sourcecode.swift; path = ViewControllerLoan.swift; sourceTree = "<group>"; };
		3A6615C122316BD80007CF77 /* ViewFees.swift */ = {isa = PBXFileReference; lastKnownFileType = sourcecode.swift; path = ViewFees.swift; sourceTree = "<group>"; };
		3A6615C3223174CF0007CF77 /* UIButtonExtension.swift */ = {isa = PBXFileReference; lastKnownFileType = sourcecode.swift; path = UIButtonExtension.swift; sourceTree = "<group>"; };
/* End PBXFileReference section */

/* Begin PBXFrameworksBuildPhase section */
		2C694B95200D0F6200EB9096 /* Frameworks */ = {
			isa = PBXFrameworksBuildPhase;
			buildActionMask = 2147483647;
			files = (
				6CCC098C92AB3322A9ADA1D9 /* Pods_interest.framework in Frameworks */,
			);
			runOnlyForDeploymentPostprocessing = 0;
		};
/* End PBXFrameworksBuildPhase section */

/* Begin PBXGroup section */
		2C694B8F200D0F6200EB9096 = {
			isa = PBXGroup;
			children = (
				2C694B9A200D0F6200EB9096 /* interest */,
				2C694B99200D0F6200EB9096 /* Products */,
				CDF0366094FC5B2459BC6C8B /* Pods */,
				96F6A311C564AA0B42AA112E /* Frameworks */,
			);
			sourceTree = "<group>";
		};
		2C694B99200D0F6200EB9096 /* Products */ = {
			isa = PBXGroup;
			children = (
				2C694B98200D0F6200EB9096 /* interest.app */,
			);
			name = Products;
			sourceTree = "<group>";
		};
		2C694B9A200D0F6200EB9096 /* interest */ = {
			isa = PBXGroup;
			children = (
				2C694B9F200D0F6200EB9096 /* Main.storyboard */,
				3A6374352237BDEF00E5A7BF /* Helper.swift */,
				3A1CA44F223100FA006F69CF /* NavigationController.swift */,
				3A20C4BC22331F5500DD4547 /* VideoViewController.swift */,
				2C694B9D200D0F6200EB9096 /* ViewController.swift */,
				3A6615C122316BD80007CF77 /* ViewFees.swift */,
				3A6615BF223149570007CF77 /* ViewControllerLoan.swift */,
				3A360EE6222E5C8200652D99 /* ViewControllerE.swift */,
				2C694BB3200D3AB500EB9096 /* ViewController2.swift */,
				3A6615C3223174CF0007CF77 /* UIButtonExtension.swift */,
				2C694B9B200D0F6200EB9096 /* AppDelegate.swift */,
				2C694BA2200D0F6200EB9096 /* Assets.xcassets */,
				2C694BA4200D0F6200EB9096 /* LaunchScreen.storyboard */,
				2C694BA7200D0F6200EB9096 /* Info.plist */,
				3A20C4C22233244100DD4547 /* coined.mov */,
				3A20C4C02233237E00DD4547 /* coin.mov */,
			);
			path = interest;
			sourceTree = "<group>";
		};
		96F6A311C564AA0B42AA112E /* Frameworks */ = {
			isa = PBXGroup;
			children = (
				2D9930DB85F529382E5375B5 /* Pods_interest.framework */,
			);
			name = Frameworks;
			sourceTree = "<group>";
		};
		CDF0366094FC5B2459BC6C8B /* Pods */ = {
			isa = PBXGroup;
			children = (
				39F8EE2B3E78E47F3866CEC6 /* Pods-interest.debug.xcconfig */,
				37BC6B3B89AB8C955FE15807 /* Pods-interest.release.xcconfig */,
			);
			path = Pods;
			sourceTree = "<group>";
		};
/* End PBXGroup section */

/* Begin PBXNativeTarget section */
		2C694B97200D0F6200EB9096 /* interest */ = {
			isa = PBXNativeTarget;
			buildConfigurationList = 2C694BAA200D0F6200EB9096 /* Build configuration list for PBXNativeTarget "interest" */;
			buildPhases = (
				26FB47CDD4F963CE3759BE41 /* [CP] Check Pods Manifest.lock */,
				2C694B94200D0F6200EB9096 /* Sources */,
				2C694B95200D0F6200EB9096 /* Frameworks */,
				2C694B96200D0F6200EB9096 /* Resources */,
				68E38C871D3C3C66408620AA /* [CP] Embed Pods Frameworks */,
			);
			buildRules = (
			);
			dependencies = (
			);
			name = interest;
			productName = interest;
			productReference = 2C694B98200D0F6200EB9096 /* interest.app */;
			productType = "com.apple.product-type.application";
		};
/* End PBXNativeTarget section */

/* Begin PBXProject section */
		2C694B90200D0F6200EB9096 /* Project object */ = {
			isa = PBXProject;
			attributes = {
				LastSwiftUpdateCheck = 0920;
				LastUpgradeCheck = 1010;
				ORGANIZATIONNAME = "Tofik Sonono";
				TargetAttributes = {
					2C694B97200D0F6200EB9096 = {
						CreatedOnToolsVersion = 9.2;
						LastSwiftMigration = 1010;
						ProvisioningStyle = Automatic;
					};
				};
			};
			buildConfigurationList = 2C694B93200D0F6200EB9096 /* Build configuration list for PBXProject "interest" */;
			compatibilityVersion = "Xcode 8.0";
			developmentRegion = en;
			hasScannedForEncodings = 0;
			knownRegions = (
				en,
				Base,
			);
			mainGroup = 2C694B8F200D0F6200EB9096;
			productRefGroup = 2C694B99200D0F6200EB9096 /* Products */;
			projectDirPath = "";
			projectRoot = "";
			targets = (
				2C694B97200D0F6200EB9096 /* interest */,
			);
		};
/* End PBXProject section */

/* Begin PBXResourcesBuildPhase section */
		2C694B96200D0F6200EB9096 /* Resources */ = {
			isa = PBXResourcesBuildPhase;
			buildActionMask = 2147483647;
			files = (
				3A20C4C32233244100DD4547 /* coined.mov in Resources */,
				3A20C4C12233237E00DD4547 /* coin.mov in Resources */,
				2C694BA6200D0F6200EB9096 /* LaunchScreen.storyboard in Resources */,
				2C694BA3200D0F6200EB9096 /* Assets.xcassets in Resources */,
				2C694BA1200D0F6200EB9096 /* Main.storyboard in Resources */,
			);
			runOnlyForDeploymentPostprocessing = 0;
		};
/* End PBXResourcesBuildPhase section */

/* Begin PBXShellScriptBuildPhase section */
		26FB47CDD4F963CE3759BE41 /* [CP] Check Pods Manifest.lock */ = {
			isa = PBXShellScriptBuildPhase;
			buildActionMask = 2147483647;
			files = (
			);
			inputFileListPaths = (
			);
			inputPaths = (
				"${PODS_PODFILE_DIR_PATH}/Podfile.lock",
				"${PODS_ROOT}/Manifest.lock",
			);
			name = "[CP] Check Pods Manifest.lock";
			outputFileListPaths = (
			);
			outputPaths = (
				"$(DERIVED_FILE_DIR)/Pods-interest-checkManifestLockResult.txt",
			);
			runOnlyForDeploymentPostprocessing = 0;
			shellPath = /bin/sh;
			shellScript = "diff \"${PODS_PODFILE_DIR_PATH}/Podfile.lock\" \"${PODS_ROOT}/Manifest.lock\" > /dev/null\nif [ $? != 0 ] ; then\n    # print error to STDERR\n    echo \"error: The sandbox is not in sync with the Podfile.lock. Run 'pod install' or update your CocoaPods installation.\" >&2\n    exit 1\nfi\n# This output is used by Xcode 'outputs' to avoid re-running this script phase.\necho \"SUCCESS\" > \"${SCRIPT_OUTPUT_FILE_0}\"\n";
			showEnvVarsInLog = 0;
		};
		68E38C871D3C3C66408620AA /* [CP] Embed Pods Frameworks */ = {
			isa = PBXShellScriptBuildPhase;
			buildActionMask = 2147483647;
			files = (
			);
			inputFileListPaths = (
			);
			inputPaths = (
				"${PODS_ROOT}/Target Support Files/Pods-interest/Pods-interest-frameworks.sh",
				"${BUILT_PRODUCTS_DIR}/Charts/Charts.framework",
				"${BUILT_PRODUCTS_DIR}/TextFieldEffects/TextFieldEffects.framework",
				"${BUILT_PRODUCTS_DIR}/fluid-slider/fluid_slider.framework",
				"${BUILT_PRODUCTS_DIR}/pop/pop.framework",
			);
			name = "[CP] Embed Pods Frameworks";
			outputFileListPaths = (
			);
			outputPaths = (
				"${TARGET_BUILD_DIR}/${FRAMEWORKS_FOLDER_PATH}/Charts.framework",
				"${TARGET_BUILD_DIR}/${FRAMEWORKS_FOLDER_PATH}/TextFieldEffects.framework",
				"${TARGET_BUILD_DIR}/${FRAMEWORKS_FOLDER_PATH}/fluid_slider.framework",
				"${TARGET_BUILD_DIR}/${FRAMEWORKS_FOLDER_PATH}/pop.framework",
			);
			runOnlyForDeploymentPostprocessing = 0;
			shellPath = /bin/sh;
			shellScript = "\"${PODS_ROOT}/Target Support Files/Pods-interest/Pods-interest-frameworks.sh\"\n";
			showEnvVarsInLog = 0;
		};
/* End PBXShellScriptBuildPhase section */

/* Begin PBXSourcesBuildPhase section */
		2C694B94200D0F6200EB9096 /* Sources */ = {
			isa = PBXSourcesBuildPhase;
			buildActionMask = 2147483647;
			files = (
				3A360EE7222E5C8200652D99 /* ViewControllerE.swift in Sources */,
				3A6615C4223174CF0007CF77 /* UIButtonExtension.swift in Sources */,
				3A20C4BD22331F5500DD4547 /* VideoViewController.swift in Sources */,
				2C694B9E200D0F6200EB9096 /* ViewController.swift in Sources */,
				3A6615C222316BD80007CF77 /* ViewFees.swift in Sources */,
				3A6615C0223149570007CF77 /* ViewControllerLoan.swift in Sources */,
				3A1CA450223100FA006F69CF /* NavigationController.swift in Sources */,
				3A6374362237BDEF00E5A7BF /* Helper.swift in Sources */,
				2C694B9C200D0F6200EB9096 /* AppDelegate.swift in Sources */,
				2C694BB4200D3AB500EB9096 /* ViewController2.swift in Sources */,
			);
			runOnlyForDeploymentPostprocessing = 0;
		};
/* End PBXSourcesBuildPhase section */

/* Begin PBXVariantGroup section */
		2C694B9F200D0F6200EB9096 /* Main.storyboard */ = {
			isa = PBXVariantGroup;
			children = (
				2C694BA0200D0F6200EB9096 /* Base */,
			);
			name = Main.storyboard;
			sourceTree = "<group>";
		};
		2C694BA4200D0F6200EB9096 /* LaunchScreen.storyboard */ = {
			isa = PBXVariantGroup;
			children = (
				2C694BA5200D0F6200EB9096 /* Base */,
			);
			name = LaunchScreen.storyboard;
			sourceTree = "<group>";
		};
/* End PBXVariantGroup section */

/* Begin XCBuildConfiguration section */
		2C694BA8200D0F6200EB9096 /* Debug */ = {
			isa = XCBuildConfiguration;
			buildSettings = {
				ALWAYS_SEARCH_USER_PATHS = NO;
				CLANG_ANALYZER_NONNULL = YES;
				CLANG_ANALYZER_NUMBER_OBJECT_CONVERSION = YES_AGGRESSIVE;
				CLANG_CXX_LANGUAGE_STANDARD = "gnu++14";
				CLANG_CXX_LIBRARY = "libc++";
				CLANG_ENABLE_MODULES = YES;
				CLANG_ENABLE_OBJC_ARC = YES;
				CLANG_WARN_BLOCK_CAPTURE_AUTORELEASING = YES;
				CLANG_WARN_BOOL_CONVERSION = YES;
				CLANG_WARN_COMMA = YES;
				CLANG_WARN_CONSTANT_CONVERSION = YES;
				CLANG_WARN_DEPRECATED_OBJC_IMPLEMENTATIONS = YES;
				CLANG_WARN_DIRECT_OBJC_ISA_USAGE = YES_ERROR;
				CLANG_WARN_DOCUMENTATION_COMMENTS = YES;
				CLANG_WARN_EMPTY_BODY = YES;
				CLANG_WARN_ENUM_CONVERSION = YES;
				CLANG_WARN_INFINITE_RECURSION = YES;
				CLANG_WARN_INT_CONVERSION = YES;
				CLANG_WARN_NON_LITERAL_NULL_CONVERSION = YES;
				CLANG_WARN_OBJC_IMPLICIT_RETAIN_SELF = YES;
				CLANG_WARN_OBJC_LITERAL_CONVERSION = YES;
				CLANG_WARN_OBJC_ROOT_CLASS = YES_ERROR;
				CLANG_WARN_RANGE_LOOP_ANALYSIS = YES;
				CLANG_WARN_STRICT_PROTOTYPES = YES;
				CLANG_WARN_SUSPICIOUS_MOVE = YES;
				CLANG_WARN_UNGUARDED_AVAILABILITY = YES_AGGRESSIVE;
				CLANG_WARN_UNREACHABLE_CODE = YES;
				CLANG_WARN__DUPLICATE_METHOD_MATCH = YES;
				CODE_SIGN_IDENTITY = "iPhone Developer";
				COPY_PHASE_STRIP = NO;
				DEBUG_INFORMATION_FORMAT = dwarf;
				ENABLE_STRICT_OBJC_MSGSEND = YES;
				ENABLE_TESTABILITY = YES;
				GCC_C_LANGUAGE_STANDARD = gnu11;
				GCC_DYNAMIC_NO_PIC = NO;
				GCC_NO_COMMON_BLOCKS = YES;
				GCC_OPTIMIZATION_LEVEL = 0;
				GCC_PREPROCESSOR_DEFINITIONS = (
					"DEBUG=1",
					"$(inherited)",
				);
				GCC_WARN_64_TO_32_BIT_CONVERSION = YES;
				GCC_WARN_ABOUT_RETURN_TYPE = YES_ERROR;
				GCC_WARN_UNDECLARED_SELECTOR = YES;
				GCC_WARN_UNINITIALIZED_AUTOS = YES_AGGRESSIVE;
				GCC_WARN_UNUSED_FUNCTION = YES;
				GCC_WARN_UNUSED_VARIABLE = YES;
				IPHONEOS_DEPLOYMENT_TARGET = 11.2;
				MTL_ENABLE_DEBUG_INFO = YES;
				ONLY_ACTIVE_ARCH = YES;
				SDKROOT = iphoneos;
				SWIFT_ACTIVE_COMPILATION_CONDITIONS = DEBUG;
				SWIFT_OPTIMIZATION_LEVEL = "-Onone";
			};
			name = Debug;
		};
		2C694BA9200D0F6200EB9096 /* Release */ = {
			isa = XCBuildConfiguration;
			buildSettings = {
				ALWAYS_SEARCH_USER_PATHS = NO;
				CLANG_ANALYZER_NONNULL = YES;
				CLANG_ANALYZER_NUMBER_OBJECT_CONVERSION = YES_AGGRESSIVE;
				CLANG_CXX_LANGUAGE_STANDARD = "gnu++14";
				CLANG_CXX_LIBRARY = "libc++";
				CLANG_ENABLE_MODULES = YES;
				CLANG_ENABLE_OBJC_ARC = YES;
				CLANG_WARN_BLOCK_CAPTURE_AUTORELEASING = YES;
				CLANG_WARN_BOOL_CONVERSION = YES;
				CLANG_WARN_COMMA = YES;
				CLANG_WARN_CONSTANT_CONVERSION = YES;
				CLANG_WARN_DEPRECATED_OBJC_IMPLEMENTATIONS = YES;
				CLANG_WARN_DIRECT_OBJC_ISA_USAGE = YES_ERROR;
				CLANG_WARN_DOCUMENTATION_COMMENTS = YES;
				CLANG_WARN_EMPTY_BODY = YES;
				CLANG_WARN_ENUM_CONVERSION = YES;
				CLANG_WARN_INFINITE_RECURSION = YES;
				CLANG_WARN_INT_CONVERSION = YES;
				CLANG_WARN_NON_LITERAL_NULL_CONVERSION = YES;
				CLANG_WARN_OBJC_IMPLICIT_RETAIN_SELF = YES;
				CLANG_WARN_OBJC_LITERAL_CONVERSION = YES;
				CLANG_WARN_OBJC_ROOT_CLASS = YES_ERROR;
				CLANG_WARN_RANGE_LOOP_ANALYSIS = YES;
				CLANG_WARN_STRICT_PROTOTYPES = YES;
				CLANG_WARN_SUSPICIOUS_MOVE = YES;
				CLANG_WARN_UNGUARDED_AVAILABILITY = YES_AGGRESSIVE;
				CLANG_WARN_UNREACHABLE_CODE = YES;
				CLANG_WARN__DUPLICATE_METHOD_MATCH = YES;
				CODE_SIGN_IDENTITY = "iPhone Developer";
				COPY_PHASE_STRIP = NO;
				DEBUG_INFORMATION_FORMAT = "dwarf-with-dsym";
				ENABLE_NS_ASSERTIONS = NO;
				ENABLE_STRICT_OBJC_MSGSEND = YES;
				GCC_C_LANGUAGE_STANDARD = gnu11;
				GCC_NO_COMMON_BLOCKS = YES;
				GCC_WARN_64_TO_32_BIT_CONVERSION = YES;
				GCC_WARN_ABOUT_RETURN_TYPE = YES_ERROR;
				GCC_WARN_UNDECLARED_SELECTOR = YES;
				GCC_WARN_UNINITIALIZED_AUTOS = YES_AGGRESSIVE;
				GCC_WARN_UNUSED_FUNCTION = YES;
				GCC_WARN_UNUSED_VARIABLE = YES;
				IPHONEOS_DEPLOYMENT_TARGET = 11.2;
				MTL_ENABLE_DEBUG_INFO = NO;
				SDKROOT = iphoneos;
				SWIFT_OPTIMIZATION_LEVEL = "-Owholemodule";
				VALIDATE_PRODUCT = YES;
			};
			name = Release;
		};
		2C694BAB200D0F6200EB9096 /* Debug */ = {
			isa = XCBuildConfiguration;
			baseConfigurationReference = 39F8EE2B3E78E47F3866CEC6 /* Pods-interest.debug.xcconfig */;
			buildSettings = {
				ASSETCATALOG_COMPILER_APPICON_NAME = AppIcon;
				CODE_SIGN_STYLE = Automatic;
				DEVELOPMENT_TEAM = M4E7PG9MM7;
				INFOPLIST_FILE = interest/Info.plist;
				LD_RUNPATH_SEARCH_PATHS = "$(inherited) @executable_path/Frameworks";
				PRODUCT_BUNDLE_IDENTIFIER = Tofik.interest;
				PRODUCT_NAME = "$(TARGET_NAME)";
				SWIFT_VERSION = 4.2;
				TARGETED_DEVICE_FAMILY = "1,2";
			};
			name = Debug;
		};
		2C694BAC200D0F6200EB9096 /* Release */ = {
			isa = XCBuildConfiguration;
			baseConfigurationReference = 37BC6B3B89AB8C955FE15807 /* Pods-interest.release.xcconfig */;
			buildSettings = {
				ASSETCATALOG_COMPILER_APPICON_NAME = AppIcon;
				CODE_SIGN_STYLE = Automatic;
				DEVELOPMENT_TEAM = M4E7PG9MM7;
				INFOPLIST_FILE = interest/Info.plist;
				LD_RUNPATH_SEARCH_PATHS = "$(inherited) @executable_path/Frameworks";
				PRODUCT_BUNDLE_IDENTIFIER = Tofik.interest;
				PRODUCT_NAME = "$(TARGET_NAME)";
				SWIFT_VERSION = 4.2;
				TARGETED_DEVICE_FAMILY = "1,2";
			};
			name = Release;
		};
/* End XCBuildConfiguration section */

/* Begin XCConfigurationList section */
		2C694B93200D0F6200EB9096 /* Build configuration list for PBXProject "interest" */ = {
			isa = XCConfigurationList;
			buildConfigurations = (
				2C694BA8200D0F6200EB9096 /* Debug */,
				2C694BA9200D0F6200EB9096 /* Release */,
			);
			defaultConfigurationIsVisible = 0;
			defaultConfigurationName = Release;
		};
		2C694BAA200D0F6200EB9096 /* Build configuration list for PBXNativeTarget "interest" */ = {
			isa = XCConfigurationList;
			buildConfigurations = (
				2C694BAB200D0F6200EB9096 /* Debug */,
				2C694BAC200D0F6200EB9096 /* Release */,
			);
			defaultConfigurationIsVisible = 0;
			defaultConfigurationName = Release;
		};
/* End XCConfigurationList section */
	};
	rootObject = 2C694B90200D0F6200EB9096 /* Project object */;
}
